
Microsoft Visual Studio Solution File, Format Version 12.00
# Visual Studio 15
Project("{FAE04EC0-301F-11D3-BF4B-00C04F79EFBC}") = "8.20敌人状态状态机+玩家动画状态机", "8.20敌人状态状态机+玩家动画状态机.csproj", "{FD91A3D0-13A6-5DF9-37AE-A6C9C3B0ADFC}"
EndProject
Global
	GlobalSection(SolutionConfigurationPlatforms) = preSolution
		Debug|Any CPU = Debug|Any CPU
		Release|Any CPU = Release|Any CPU
	EndGlobalSection
	GlobalSection(ProjectConfigurationPlatforms) = postSolution
		{FD91A3D0-13A6-5DF9-37AE-A6C9C3B0ADFC}.Debug|Any CPU.ActiveCfg = Debug|Any CPU
		{FD91A3D0-13A6-5DF9-37AE-A6C9C3B0ADFC}.Debug|Any CPU.Build.0 = Debug|Any CPU
		{FD91A3D0-13A6-5DF9-37AE-A6C9C3B0ADFC}.Release|Any CPU.ActiveCfg = Release|Any CPU
		{FD91A3D0-13A6-5DF9-37AE-A6C9C3B0ADFC}.Release|Any CPU.Build.0 = Release|Any CPU
	EndGlobalSection
	GlobalSection(SolutionProperties) = preSolution
		HideSolutionNode = FALSE
	EndGlobalSection
EndGlobal
